{
  "name": "koffi",
  "lockfileVersion": 3,
  "requires": true,
  "packages": {
    "": {
      "dependencies": {
        "koffi": "^2.3.19"
      }
    },
    "node_modules/koffi": {
      "version": "2.3.19",
      "resolved": "https://registry.npmjs.org/koffi/-/koffi-2.3.19.tgz",
      "integrity": "sha512-QwxP4UHhOU4byOezBxesT69qWG47+5ZjrEOeHjwywI5WpXfSp5VL6QsdNK37yTii5UjeH3G90B2/sZNdGDKGJA==",
      "hasInstallScript": true
    }
  }
}
